
Microsoft Visual Studio Solution File, Format Version 12.00
# Visual Studio 15
VisualStudioVersion = 15.0.28307.421
MinimumVisualStudioVersion = 10.0.40219.1
Project("{888888A0-9F3D-457C-B088-3A5042F75D52}") = "Sample_based_synthesis", "Sample_based_synthesis.pyproj", "{99DA452A-815E-47D4-ADFE-2006F80DB8FC}"
EndProject
Global
	GlobalSection(SolutionConfigurationPlatforms) = preSolution
		Debug|Any CPU = Debug|Any CPU
		Release|Any CPU = Release|Any CPU
	EndGlobalSection
	GlobalSection(ProjectConfigurationPlatforms) = postSolution
		{99DA452A-815E-47D4-ADFE-2006F80DB8FC}.Debug|Any CPU.ActiveCfg = Debug|Any CPU
		{99DA452A-815E-47D4-ADFE-2006F80DB8FC}.Release|Any CPU.ActiveCfg = Release|Any CPU
	EndGlobalSection
	GlobalSection(SolutionProperties) = preSolution
		HideSolutionNode = FALSE
	EndGlobalSection
	GlobalSection(ExtensibilityGlobals) = postSolution
		SolutionGuid = {E18F62F5-1C65-427D-B2F7-304CBD5C7537}
	EndGlobalSection
EndGlobal
